# This file is automatically @generated by Cargo.
# It is not intended for manual editing.
version = 4

[[package]]
name = "aes"
version = "0.1.0"

[[package]]
name = "amsi-byte-patching"
version = "0.1.0"

[[package]]
name = "amsi-via-hbps"
version = "0.1.0"

[[package]]
name = "anti-debugging"
version = "0.1.0"

[[package]]
name = "anti-vm"
version = "0.1.0"

[[package]]
name = "apc-injection"
version = "0.1.0"

[[package]]
name = "api-hammering"
version = "0.1.0"

[[package]]
name = "api-hashing"
version = "0.1.0"

[[package]]
name = "basen-encoder-decoder"
version = "0.1.0"

[[package]]
name = "binary-entropy-reduction"
version = "0.1.0"

[[package]]
name = "binary-metadata-modification"
version = "0.1.0"

[[package]]
name = "block-dll-policy"
version = "0.1.0"

[[package]]
name = "bof-writing-and-loading"
version = "0.1.0"

[[package]]
name = "brute-force-decryption"
version = "0.1.0"

[[package]]
name = "byovd"
version = "0.1.0"

[[package]]
name = "chrome-cookies"
version = "0.1.0"

[[package]]
name = "chrome-logins"
version = "0.1.0"

[[package]]
name = "com-hijacking"
version = "0.1.0"

[[package]]
name = "compile-time-api-hashing"
version = "0.1.0"

[[package]]
name = "cross-architecture-injection"
version = "0.1.0"

[[package]]
name = "crt-library-removal"
version = "0.1.0"

[[package]]
name = "custom-code"
version = "0.1.0"

[[package]]
name = "custom-winapi-functions"
version = "0.1.0"

[[package]]
name = "delay-execution"
version = "0.1.0"

[[package]]
name = "detours"
version = "0.1.0"

[[package]]
name = "dll-payload-loader"
version = "0.1.0"

[[package]]
name = "dll-sideloading"
version = "0.1.0"

[[package]]
name = "domain-enumeration-ms-samr"
version = "0.1.0"

[[package]]
name = "dotnet-assembly-execution"
version = "0.1.0"

[[package]]
name = "edr-evasion-via-exploitation"
version = "0.1.0"

[[package]]
name = "edr-lolbins"
version = "0.1.0"

[[package]]
name = "ekko"
version = "0.1.0"

[[package]]
name = "ekko-with-stack-spoofing"
version = "0.1.0"

[[package]]
name = "electron-apps"
version = "0.1.0"

[[package]]
name = "etw-byte-patching"
version = "0.1.0"

[[package]]
name = "etw-improved-patching"
version = "0.1.0"

[[package]]
name = "etw-introduction"
version = "0.1.0"

[[package]]
name = "etw-provider-session-hijacking"
version = "0.1.0"

[[package]]
name = "fibers-payload-execution"
version = "0.1.0"

[[package]]
name = "file-bloating"
version = "0.1.0"

[[package]]
name = "file-system"
version = "0.1.0"

[[package]]
name = "firefox-cookies"
version = "0.1.0"

[[package]]
name = "firefox-logins"
version = "0.1.0"

[[package]]
name = "foliage"
version = "0.1.0"

[[package]]
name = "from-disk"
version = "0.1.0"

[[package]]
name = "from-knowndlls"
version = "0.1.0"

[[package]]
name = "from-suspended-process"
version = "0.1.0"

[[package]]
name = "from-web-server"
version = "0.1.0"

[[package]]
name = "ghost-process-injection"
version = "0.1.0"

[[package]]
name = "ghostly-hollowing"
version = "0.1.0"

[[package]]
name = "handle-duplication"
version = "0.1.0"

[[package]]
name = "havoc-integration"
version = "0.1.0"

[[package]]
name = "hbp-credential-dumping"
version = "0.1.0"

[[package]]
name = "hbp-hooking"
version = "0.1.0"

[[package]]
name = "heap-encryption-with-ekko"
version = "0.1.0"

[[package]]
name = "hells-gate"
version = "0.1.0"

[[package]]
name = "hellshall-indirect-syscalls"
version = "0.1.0"

[[package]]
name = "herpaderping"
version = "0.1.0"

[[package]]
name = "herpaderply-hollowing"
version = "0.1.0"

[[package]]
name = "iat-camouflage"
version = "0.1.0"

[[package]]
name = "iat-hiding"
version = "0.1.0"

[[package]]
name = "internal-exclusion-list"
version = "0.1.0"

[[package]]
name = "keylogger-remote-exfil"
version = "0.1.0"

[[package]]
name = "knowndll-cache-poisoning"
version = "0.1.0"

[[package]]
name = "library-proxy-loading"
version = "0.1.0"

[[package]]
name = "local-mapping-injection"
version = "0.1.0"

[[package]]
name = "local-pe-injection"
version = "0.1.0"

[[package]]
name = "lsass-handle-ppl-bypass"
version = "0.1.0"

[[package]]
name = "malware-directory-placement"
version = "0.1.0"

[[package]]
name = "minhook"
version = "0.1.0"

[[package]]
name = "module-overloading"
version = "0.1.0"

[[package]]
name = "module-stomping"
version = "0.1.0"

[[package]]
name = "ntcreateuserprocess"
version = "0.1.0"

[[package]]
name = "patchless-etw-via-hbps"
version = "0.1.0"

[[package]]
name = "patchless-threadless"
version = "0.1.0"

[[package]]
name = "pe-header-parsing"
version = "0.1.0"
dependencies = [
 "winapi",
]

[[package]]
name = "pe-packer"
version = "0.1.0"

[[package]]
name = "pefluctuation"
version = "0.1.0"

[[package]]
name = "ppid-spoofing"
version = "0.1.0"
dependencies = [
 "winapi",
]

[[package]]
name = "preventing-edr-action"
version = "0.1.0"

[[package]]
name = "process-argument-spoofing"
version = "0.1.0"
dependencies = [
 "winapi",
]

[[package]]
name = "process-hollowing"
version = "0.1.0"

[[package]]
name = "process-hypnosis"
version = "0.1.0"

[[package]]
name = "rc4"
version = "0.1.0"

[[package]]
name = "reflective-dll-injection"
version = "0.1.0"

[[package]]
name = "registry"
version = "0.1.0"

[[package]]
name = "reimplementing-apc-injection-via-syscalls"
version = "0.1.0"

[[package]]
name = "reimplementing-classic-injection-via-syscalls"
version = "0.1.0"

[[package]]
name = "reimplementing-mapping-injection-via-syscalls"
version = "0.1.0"

[[package]]
name = "rtlreportsilentprocessexit"
version = "0.1.0"

[[package]]
name = "sam-database-disk"
version = "0.1.0"

[[package]]
name = "sam-database-local"
version = "0.1.0"

[[package]]
name = "sam-database-remote"
version = "0.1.0"

[[package]]
name = "scheduled-tasks"
version = "0.1.0"

[[package]]
name = "screenshot-capture"
version = "0.1.0"

[[package]]
name = "seclogon-race-condition"
version = "0.1.0"

[[package]]
name = "self-deletion"
version = "0.1.0"

[[package]]
name = "srdi"
version = "0.1.0"

[[package]]
name = "string-hashing"
version = "0.1.0"

[[package]]
name = "syswhispers"
version = "0.1.0"

[[package]]
name = "tampered-syscalls-via-hbps"
version = "0.1.0"

[[package]]
name = "thread-enumeration"
version = "0.1.0"

[[package]]
name = "threadless-injection"
version = "0.1.0"

[[package]]
name = "tls-callbacks"
version = "0.1.0"

[[package]]
name = "token-manipulation"
version = "0.1.0"

[[package]]
name = "userland-hooking"
version = "0.1.0"

[[package]]
name = "using-windows-apis"
version = "0.1.0"

[[package]]
name = "winapi"
version = "0.3.9"
source = "registry+https://github.com/rust-lang/crates.io-index"
checksum = "5c839a674fcd7a98952e593242ea400abe93992746761e38641405d28b00f419"
dependencies = [
 "winapi-i686-pc-windows-gnu",
 "winapi-x86_64-pc-windows-gnu",
]

[[package]]
name = "winapi-i686-pc-windows-gnu"
version = "0.4.0"
source = "registry+https://github.com/rust-lang/crates.io-index"
checksum = "ac3b87c63620426dd9b991e5ce0329eff545bccbbb34f3be09ff6fb6ab51b7b6"

[[package]]
name = "winapi-x86_64-pc-windows-gnu"
version = "0.4.0"
source = "registry+https://github.com/rust-lang/crates.io-index"
checksum = "712e227841d057c1ee1cd2fb22fa7e5a5461ae8e48fa2ca79ec42cfc1931183f"

[[package]]
name = "windows-services"
version = "0.1.0"

[[package]]
name = "wmi"
version = "0.1.0"

[[package]]
name = "xor"
version = "0.1.0"

[[package]]
name = "zilean"
version = "0.1.0"
